<?xml version="1.0" encoding="utf-8"?>
<Project ToolsVersion="4.0" xmlns="http://schemas.microsoft.com/developer/msbuild/2003">
  <ItemGroup>
    <Filter Include="src">
      <UniqueIdentifier>{4FC737F1-C7A5-4376-A066-2A32D752A2FF}</UniqueIdentifier>
      <Extensions>cpp;c;cc;cxx;c++;cppm;ixx;def;odl;idl;hpj;bat;asm;asmx</Extensions>
    </Filter>
    <Filter Include="res">
      <UniqueIdentifier>{7b095216-0faa-46b8-a3c0-acd87e19556f}</UniqueIdentifier>
    </Filter>
    <Filter Include="res\glsl">
      <UniqueIdentifier>{33269cf3-48c0-48b5-9a54-48767eede963}</UniqueIdentifier>
    </Filter>
    <Filter Include="src\SimpleApp">
      <UniqueIdentifier>{27cfd07d-82bd-4b5c-83f9-80d1018da98e}</UniqueIdentifier>
    </Filter>
    <Filter Include="src\Camera">
      <UniqueIdentifier>{237b464a-fec6-45be-95e3-65043965930b}</UniqueIdentifier>
    </Filter>
    <Filter Include="src\Voxels">
      <UniqueIdentifier>{9fdd66b0-f68b-489c-8c1d-9a1411981293}</UniqueIdentifier>
    </Filter>
    <Filter Include="src\PerlinNoise">
      <UniqueIdentifier>{8ed26131-1414-4f52-8fcf-fc4545ebcb09}</UniqueIdentifier>
    </Filter>
    <Filter Include="src\LineBatch">
      <UniqueIdentifier>{929c5551-566c-499d-ac36-774a28aac403}</UniqueIdentifier>
    </Filter>
  </ItemGroup>
  <ItemGroup>
    <ClCompile Include="src\minecraft++.cpp">
      <Filter>src</Filter>
    </ClCompile>
    <ClCompile Include="src\SimpleApp\SimpleApp.cpp">
      <Filter>src\SimpleApp</Filter>
    </ClCompile>
    <ClCompile Include="src\Camera\Camera.cpp">
      <Filter>src\Camera</Filter>
    </ClCompile>
    <ClCompile Include="src\Voxels\Chunk.cpp">
      <Filter>src\Voxels</Filter>
    </ClCompile>
    <ClCompile Include="src\Voxels\Voxel.cpp">
      <Filter>src\Voxels</Filter>
    </ClCompile>
    <ClCompile Include="src\Voxels\Chunks.cpp">
      <Filter>src\Voxels</Filter>
    </ClCompile>
    <ClCompile Include="src\LineBatch\LineBatch.cpp">
      <Filter>src\LineBatch</Filter>
    </ClCompile>
  </ItemGroup>
  <ItemGroup>
    <None Include="res\glsl\mine.vert">
      <Filter>res\glsl</Filter>
    </None>
    <None Include="res\glsl\mine.frag">
      <Filter>res\glsl</Filter>
    </None>
    <None Include="res\glsl\lines.frag">
      <Filter>res\glsl</Filter>
    </None>
    <None Include="res\glsl\lines.vert">
      <Filter>res\glsl</Filter>
    </None>
    <None Include="res\glsl\white.frag">
      <Filter>res\glsl</Filter>
    </None>
    <None Include="res\glsl\white.vert">
      <Filter>res\glsl</Filter>
    </None>
  </ItemGroup>
  <ItemGroup>
    <ClInclude Include="src\SimpleApp\SimpleApp.h">
      <Filter>src\SimpleApp</Filter>
    </ClInclude>
    <ClInclude Include="src\incs.h">
      <Filter>src</Filter>
    </ClInclude>
    <ClInclude Include="src\Camera\Camera.h">
      <Filter>src\Camera</Filter>
    </ClInclude>
    <ClInclude Include="src\Voxels\Voxel.h">
      <Filter>src\Voxels</Filter>
    </ClInclude>
    <ClInclude Include="src\Voxels\Chunk.h">
      <Filter>src\Voxels</Filter>
    </ClInclude>
    <ClInclude Include="src\PerlinNoise\PerlinNoise.h">
      <Filter>src\PerlinNoise</Filter>
    </ClInclude>
    <ClInclude Include="src\Voxels\Chunks.h">
      <Filter>src\Voxels</Filter>
    </ClInclude>
    <ClInclude Include="src\Voxels\VoxUtils.h">
      <Filter>src\Voxels</Filter>
    </ClInclude>
    <ClInclude Include="src\LineBatch\LineBatch.h">
      <Filter>src\LineBatch</Filter>
    </ClInclude>
  </ItemGroup>
</Project>