<?xml version="1.0" encoding="utf-8"?>
<Project ToolsVersion="4.0" xmlns="http://schemas.microsoft.com/developer/msbuild/2003">
  <ItemGroup>
    <Filter Include="src">
      <UniqueIdentifier>{4FC737F1-C7A5-4376-A066-2A32D752A2FF}</UniqueIdentifier>
      <Extensions>cpp;c;cc;cxx;c++;cppm;ixx;def;odl;idl;hpj;bat;asm;asmx</Extensions>
    </Filter>
    <Filter Include="res">
      <UniqueIdentifier>{7b095216-0faa-46b8-a3c0-acd87e19556f}</UniqueIdentifier>
    </Filter>
    <Filter Include="res\glsl">
      <UniqueIdentifier>{33269cf3-48c0-48b5-9a54-48767eede963}</UniqueIdentifier>
    </Filter>
    <Filter Include="src\ClientWindow">
      <UniqueIdentifier>{e64c6f17-d06f-4299-8be8-46aec921e4ea}</UniqueIdentifier>
    </Filter>
    <Filter Include="src\SimpleApp">
      <UniqueIdentifier>{27cfd07d-82bd-4b5c-83f9-80d1018da98e}</UniqueIdentifier>
    </Filter>
  </ItemGroup>
  <ItemGroup>
    <ClCompile Include="src\minecraft++.cpp">
      <Filter>src</Filter>
    </ClCompile>
    <ClCompile Include="src\ClientWindow\ClientWindow.cpp">
      <Filter>src\ClientWindow</Filter>
    </ClCompile>
    <ClCompile Include="src\SimpleApp\SimpleApp.cpp">
      <Filter>src\SimpleApp</Filter>
    </ClCompile>
  </ItemGroup>
  <ItemGroup>
    <None Include="res\glsl\first.vert">
      <Filter>res\glsl</Filter>
    </None>
    <None Include="res\glsl\first.frag">
      <Filter>res\glsl</Filter>
    </None>
  </ItemGroup>
  <ItemGroup>
    <ClInclude Include="src\ClientWindow\ClientWindow.h">
      <Filter>src\ClientWindow</Filter>
    </ClInclude>
    <ClInclude Include="src\SimpleApp\SimpleApp.h">
      <Filter>src\SimpleApp</Filter>
    </ClInclude>
    <ClInclude Include="src\incs.h">
      <Filter>src</Filter>
    </ClInclude>
  </ItemGroup>
</Project>